// !$*UTF8*$!
{
	archiveVersion = 1;
	classes = {
	};
	objectVersion = 77;
	objects = {

/* Begin PBXContainerItemProxy section */
		D1AEC5872CA8A159000D59B3 /* PBXContainerItemProxy */ = {
			isa = PBXContainerItemProxy;
			containerPortal = D1AEC56E2CA8A158000D59B3 /* Project object */;
			proxyType = 1;
			remoteGlobalIDString = D1AEC5752CA8A158000D59B3;
			remoteInfo = HomeServiceApp;
		};
		D1AEC5912CA8A159000D59B3 /* PBXContainerItemProxy */ = {
			isa = PBXContainerItemProxy;
			containerPortal = D1AEC56E2CA8A158000D59B3 /* Project object */;
			proxyType = 1;
			remoteGlobalIDString = D1AEC5752CA8A158000D59B3;
			remoteInfo = HomeServiceApp;
		};
/* End PBXContainerItemProxy section */

/* Begin PBXFileReference section */
		D1AEC5762CA8A158000D59B3 /* HomeServiceApp.app */ = {isa = PBXFileReference; explicitFileType = wrapper.application; includeInIndex = 0; path = HomeServiceApp.app; sourceTree = BUILT_PRODUCTS_DIR; };
		D1AEC5862CA8A159000D59B3 /* HomeServiceAppTests.xctest */ = {isa = PBXFileReference; explicitFileType = wrapper.cfbundle; includeInIndex = 0; path = HomeServiceAppTests.xctest; sourceTree = BUILT_PRODUCTS_DIR; };
		D1AEC5902CA8A159000D59B3 /* HomeServiceAppUITests.xctest */ = {isa = PBXFileReference; explicitFileType = wrapper.cfbundle; includeInIndex = 0; path = HomeServiceAppUITests.xctest; sourceTree = BUILT_PRODUCTS_DIR; };
/* End PBXFileReference section */

/* Begin PBXFileSystemSynchronizedBuildFileExceptionSet section */
		D1AEC5B02CA8A410000D59B3 /* Exceptions for "HomeServiceApp" folder in "HomeServiceApp" target */ = {
			isa = PBXFileSystemSynchronizedBuildFileExceptionSet;
			membershipExceptions = (
				Untitled.swift,
			);
			target = D1AEC5752CA8A158000D59B3 /* HomeServiceApp */;
		};
/* End PBXFileSystemSynchronizedBuildFileExceptionSet section */

/* Begin PBXFileSystemSynchronizedRootGroup section */
		D1AEC5782CA8A158000D59B3 /* HomeServiceApp */ = {
			isa = PBXFileSystemSynchronizedRootGroup;
			exceptions = (
				D1AEC5B02CA8A410000D59B3 /* Exceptions for "HomeServiceApp" folder in "HomeServiceApp" target */,
			);
			path = HomeServiceApp;
			sourceTree = "<group>";
		};
		D1AEC5892CA8A159000D59B3 /* HomeServiceAppTests */ = {
			isa = PBXFileSystemSynchronizedRootGroup;
			path = HomeServiceAppTests;
			sourceTree = "<group>";
		};
		D1AEC5932CA8A159000D59B3 /* HomeServiceAppUITests */ = {
			isa = PBXFileSystemSynchronizedRootGroup;
			path = HomeServiceAppUITests;
			sourceTree = "<group>";
		};
/* End PBXFileSystemSynchronizedRootGroup section */

/* Begin PBXFrameworksBuildPhase section */
		D1AEC5732CA8A158000D59B3 /* Frameworks */ = {
			isa = PBXFrameworksBuildPhase;
			buildActionMask = 2147483647;
			files = (
			);
			runOnlyForDeploymentPostprocessing = 0;
		};
		D1AEC5832CA8A159000D59B3 /* Frameworks */ = {
			isa = PBXFrameworksBuildPhase;
			buildActionMask = 2147483647;
			files = (
			);
			runOnlyForDeploymentPostprocessing = 0;
		};
		D1AEC58D2CA8A159000D59B3 /* Frameworks */ = {
			isa = PBXFrameworksBuildPhase;
			buildActionMask = 2147483647;
			files = (
			);
			runOnlyForDeploymentPostprocessing = 0;
		};
/* End PBXFrameworksBuildPhase section */

/* Begin PBXGroup section */
		D1AEC56D2CA8A158000D59B3 = {
			isa = PBXGroup;
			children = (
				D1AEC5782CA8A158000D59B3 /* HomeServiceApp */,
				D1AEC5892CA8A159000D59B3 /* HomeServiceAppTests */,
				D1AEC5932CA8A159000D59B3 /* HomeServiceAppUITests */,
				D1AEC5772CA8A158000D59B3 /* Products */,
			);
			sourceTree = "<group>";
		};
		D1AEC5772CA8A158000D59B3 /* Products */ = {
			isa = PBXGroup;
			children = (
				D1AEC5762CA8A158000D59B3 /* HomeServiceApp.app */,
				D1AEC5862CA8A159000D59B3 /* HomeServiceAppTests.xctest */,
				D1AEC5902CA8A159000D59B3 /* HomeServiceAppUITests.xctest */,
			);
			name = Products;
			sourceTree = "<group>";
		};
/* End PBXGroup section */

/* Begin PBXNativeTarget section */
		D1AEC5752CA8A158000D59B3 /* HomeServiceApp */ = {
			isa = PBXNativeTarget;
			buildConfigurationList = D1AEC59A2CA8A159000D59B3 /* Build configuration list for PBXNativeTarget "HomeServiceApp" */;
			buildPhases = (
				D1AEC5722CA8A158000D59B3 /* Sources */,
				D1AEC5732CA8A158000D59B3 /* Frameworks */,
				D1AEC5742CA8A158000D59B3 /* Resources */,
			);
			buildRules = (
			);
			dependencies = (
			);
			fileSystemSynchronizedGroups = (
				D1AEC5782CA8A158000D59B3 /* HomeServiceApp */,
			);
			name = HomeServiceApp;
			packageProductDependencies = (
			);
			productName = HomeServiceApp;
			productReference = D1AEC5762CA8A158000D59B3 /* HomeServiceApp.app */;
			productType = "com.apple.product-type.application";
		};
		D1AEC5852CA8A159000D59B3 /* HomeServiceAppTests */ = {
			isa = PBXNativeTarget;
			buildConfigurationList = D1AEC59D2CA8A159000D59B3 /* Build configuration list for PBXNativeTarget "HomeServiceAppTests" */;
			buildPhases = (
				D1AEC5822CA8A159000D59B3 /* Sources */,
				D1AEC5832CA8A159000D59B3 /* Frameworks */,
				D1AEC5842CA8A159000D59B3 /* Resources */,
			);
			buildRules = (
			);
			dependencies = (
				D1AEC5882CA8A159000D59B3 /* PBXTargetDependency */,
			);
			fileSystemSynchronizedGroups = (
				D1AEC5892CA8A159000D59B3 /* HomeServiceAppTests */,
			);
			name = HomeServiceAppTests;
			packageProductDependencies = (
			);
			productName = HomeServiceAppTests;
			productReference = D1AEC5862CA8A159000D59B3 /* HomeServiceAppTests.xctest */;
			productType = "com.apple.product-type.bundle.unit-test";
		};
		D1AEC58F2CA8A159000D59B3 /* HomeServiceAppUITests */ = {
			isa = PBXNativeTarget;
			buildConfigurationList = D1AEC5A02CA8A159000D59B3 /* Build configuration list for PBXNativeTarget "HomeServiceAppUITests" */;
			buildPhases = (
				D1AEC58C2CA8A159000D59B3 /* Sources */,
				D1AEC58D2CA8A159000D59B3 /* Frameworks */,
				D1AEC58E2CA8A159000D59B3 /* Resources */,
			);
			buildRules = (
			);
			dependencies = (
				D1AEC5922CA8A159000D59B3 /* PBXTargetDependency */,
			);
			fileSystemSynchronizedGroups = (
				D1AEC5932CA8A159000D59B3 /* HomeServiceAppUITests */,
			);
			name = HomeServiceAppUITests;
			packageProductDependencies = (
			);
			productName = HomeServiceAppUITests;
			productReference = D1AEC5902CA8A159000D59B3 /* HomeServiceAppUITests.xctest */;
			productType = "com.apple.product-type.bundle.ui-testing";
		};
/* End PBXNativeTarget section */

/* Begin PBXProject section */
		D1AEC56E2CA8A158000D59B3 /* Project object */ = {
			isa = PBXProject;
			attributes = {
				BuildIndependentTargetsInParallel = 1;
				LastSwiftUpdateCheck = 1600;
				LastUpgradeCheck = 1600;
				TargetAttributes = {
					D1AEC5752CA8A158000D59B3 = {
						CreatedOnToolsVersion = 16.0;
					};
					D1AEC5852CA8A159000D59B3 = {
						CreatedOnToolsVersion = 16.0;
						TestTargetID = D1AEC5752CA8A158000D59B3;
					};
					D1AEC58F2CA8A159000D59B3 = {
						CreatedOnToolsVersion = 16.0;
						TestTargetID = D1AEC5752CA8A158000D59B3;
					};
				};
			};
			buildConfigurationList = D1AEC5712CA8A158000D59B3 /* Build configuration list for PBXProject "HomeServiceApp" */;
			developmentRegion = en;
			hasScannedForEncodings = 0;
			knownRegions = (
				en,
				Base,
			);
			mainGroup = D1AEC56D2CA8A158000D59B3;
			minimizedProjectReferenceProxies = 1;
			preferredProjectObjectVersion = 77;
			productRefGroup = D1AEC5772CA8A158000D59B3 /* Products */;
			projectDirPath = "";
			projectRoot = "";
			targets = (
				D1AEC5752CA8A158000D59B3 /* HomeServiceApp */,
				D1AEC5852CA8A159000D59B3 /* HomeServiceAppTests */,
				D1AEC58F2CA8A159000D59B3 /* HomeServiceAppUITests */,
			);
		};
/* End PBXProject section */

/* Begin PBXResourcesBuildPhase section */
		D1AEC5742CA8A158000D59B3 /* Resources */ = {
			isa = PBXResourcesBuildPhase;
			buildActionMask = 2147483647;
			files = (
			);
			runOnlyForDeploymentPostprocessing = 0;
		};
		D1AEC5842CA8A159000D59B3 /* Resources */ = {
			isa = PBXResourcesBuildPhase;
			buildActionMask = 2147483647;
			files = (
			);
			runOnlyForDeploymentPostprocessing = 0;
		};
		D1AEC58E2CA8A159000D59B3 /* Resources */ = {
			isa = PBXResourcesBuildPhase;
			buildActionMask = 2147483647;
			files = (
			);
			runOnlyForDeploymentPostprocessing = 0;
		};
/* End PBXResourcesBuildPhase section */

/* Begin PBXSourcesBuildPhase section */
		D1AEC5722CA8A158000D59B3 /* Sources */ = {
			isa = PBXSourcesBuildPhase;
			buildActionMask = 2147483647;
			files = (
			);
			runOnlyForDeploymentPostprocessing = 0;
		};
		D1AEC5822CA8A159000D59B3 /* Sources */ = {
			isa = PBXSourcesBuildPhase;
			buildActionMask = 2147483647;
			files = (
			);
			runOnlyForDeploymentPostprocessing = 0;
		};
		D1AEC58C2CA8A159000D59B3 /* Sources */ = {
			isa = PBXSourcesBuildPhase;
			buildActionMask = 2147483647;
			files = (
			);
			runOnlyForDeploymentPostprocessing = 0;
		};
/* End PBXSourcesBuildPhase section */

/* Begin PBXTargetDependency section */
		D1AEC5882CA8A159000D59B3 /* PBXTargetDependency */ = {
			isa = PBXTargetDependency;
			target = D1AEC5752CA8A158000D59B3 /* HomeServiceApp */;
			targetProxy = D1AEC5872CA8A159000D59B3 /* PBXContainerItemProxy */;
		};
		D1AEC5922CA8A159000D59B3 /* PBXTargetDependency */ = {
			isa = PBXTargetDependency;
			target = D1AEC5752CA8A158000D59B3 /* HomeServiceApp */;
			targetProxy = D1AEC5912CA8A159000D59B3 /* PBXContainerItemProxy */;
		};
/* End PBXTargetDependency section */

/* Begin XCBuildConfiguration section */
		D1AEC5982CA8A159000D59B3 /* Debug */ = {
			isa = XCBuildConfiguration;
			buildSettings = {
				ALWAYS_SEARCH_USER_PATHS = NO;
				ASSETCATALOG_COMPILER_GENERATE_SWIFT_ASSET_SYMBOL_EXTENSIONS = YES;
				CLANG_ANALYZER_NONNULL = YES;
				CLANG_ANALYZER_NUMBER_OBJECT_CONVERSION = YES_AGGRESSIVE;
				CLANG_CXX_LANGUAGE_STANDARD = "gnu++20";
				CLANG_ENABLE_MODULES = YES;
				CLANG_ENABLE_OBJC_ARC = YES;
				CLANG_ENABLE_OBJC_WEAK = YES;
				CLANG_WARN_BLOCK_CAPTURE_AUTORELEASING = YES;
				CLANG_WARN_BOOL_CONVERSION = YES;
				CLANG_WARN_COMMA = YES;
				CLANG_WARN_CONSTANT_CONVERSION = YES;
				CLANG_WARN_DEPRECATED_OBJC_IMPLEMENTATIONS = YES;
				CLANG_WARN_DIRECT_OBJC_ISA_USAGE = YES_ERROR;
				CLANG_WARN_DOCUMENTATION_COMMENTS = YES;
				CLANG_WARN_EMPTY_BODY = YES;
				CLANG_WARN_ENUM_CONVERSION = YES;
				CLANG_WARN_INFINITE_RECURSION = YES;
				CLANG_WARN_INT_CONVERSION = YES;
				CLANG_WARN_NON_LITERAL_NULL_CONVERSION = YES;
				CLANG_WARN_OBJC_IMPLICIT_RETAIN_SELF = YES;
				CLANG_WARN_OBJC_LITERAL_CONVERSION = YES;
				CLANG_WARN_OBJC_ROOT_CLASS = YES_ERROR;
				CLANG_WARN_QUOTED_INCLUDE_IN_FRAMEWORK_HEADER = YES;
				CLANG_WARN_RANGE_LOOP_ANALYSIS = YES;
				CLANG_WARN_STRICT_PROTOTYPES = YES;
				CLANG_WARN_SUSPICIOUS_MOVE = YES;
				CLANG_WARN_UNGUARDED_AVAILABILITY = YES_AGGRESSIVE;
				CLANG_WARN_UNREACHABLE_CODE = YES;
				CLANG_WARN__DUPLICATE_METHOD_MATCH = YES;
				COPY_PHASE_STRIP = NO;
				DEBUG_INFORMATION_FORMAT = dwarf;
				ENABLE_STRICT_OBJC_MSGSEND = YES;
				ENABLE_TESTABILITY = YES;
				ENABLE_USER_SCRIPT_SANDBOXING = YES;
				GCC_C_LANGUAGE_STANDARD = gnu17;
				GCC_DYNAMIC_NO_PIC = NO;
				GCC_NO_COMMON_BLOCKS = YES;
				GCC_OPTIMIZATION_LEVEL = 0;
				GCC_PREPROCESSOR_DEFINITIONS = (
					"DEBUG=1",
					"$(inherited)",
				);
				GCC_WARN_64_TO_32_BIT_CONVERSION = YES;
				GCC_WARN_ABOUT_RETURN_TYPE = YES_ERROR;
				GCC_WARN_UNDECLARED_SELECTOR = YES;
				GCC_WARN_UNINITIALIZED_AUTOS = YES_AGGRESSIVE;
				GCC_WARN_UNUSED_FUNCTION = YES;
				GCC_WARN_UNUSED_VARIABLE = YES;
				IPHONEOS_DEPLOYMENT_TARGET = 18.0;
				LOCALIZATION_PREFERS_STRING_CATALOGS = YES;
				MTL_ENABLE_DEBUG_INFO = INCLUDE_SOURCE;
				MTL_FAST_MATH = YES;
				ONLY_ACTIVE_ARCH = YES;
				SDKROOT = iphoneos;
				SWIFT_ACTIVE_COMPILATION_CONDITIONS = "DEBUG $(inherited)";
				SWIFT_OPTIMIZATION_LEVEL = "-Onone";
			};
			name = Debug;
		};
		D1AEC5992CA8A159000D59B3 /* Release */ = {
			isa = XCBuildConfiguration;
			buildSettings = {
				ALWAYS_SEARCH_USER_PATHS = NO;
				ASSETCATALOG_COMPILER_GENERATE_SWIFT_ASSET_SYMBOL_EXTENSIONS = YES;
				CLANG_ANALYZER_NONNULL = YES;
				CLANG_ANALYZER_NUMBER_OBJECT_CONVERSION = YES_AGGRESSIVE;
				CLANG_CXX_LANGUAGE_STANDARD = "gnu++20";
				CLANG_ENABLE_MODULES = YES;
				CLANG_ENABLE_OBJC_ARC = YES;
				CLANG_ENABLE_OBJC_WEAK = YES;
				CLANG_WARN_BLOCK_CAPTURE_AUTORELEASING = YES;
				CLANG_WARN_BOOL_CONVERSION = YES;
				CLANG_WARN_COMMA = YES;
				CLANG_WARN_CONSTANT_CONVERSION = YES;
				CLANG_WARN_DEPRECATED_OBJC_IMPLEMENTATIONS = YES;
				CLANG_WARN_DIRECT_OBJC_ISA_USAGE = YES_ERROR;
				CLANG_WARN_DOCUMENTATION_COMMENTS = YES;
				CLANG_WARN_EMPTY_BODY = YES;
				CLANG_WARN_ENUM_CONVERSION = YES;
				CLANG_WARN_INFINITE_RECURSION = YES;
				CLANG_WARN_INT_CONVERSION = YES;
				CLANG_WARN_NON_LITERAL_NULL_CONVERSION = YES;
				CLANG_WARN_OBJC_IMPLICIT_RETAIN_SELF = YES;
				CLANG_WARN_OBJC_LITERAL_CONVERSION = YES;
				CLANG_WARN_OBJC_ROOT_CLASS = YES_ERROR;
				CLANG_WARN_QUOTED_INCLUDE_IN_FRAMEWORK_HEADER = YES;
				CLANG_WARN_RANGE_LOOP_ANALYSIS = YES;
				CLANG_WARN_STRICT_PROTOTYPES = YES;
				CLANG_WARN_SUSPICIOUS_MOVE = YES;
				CLANG_WARN_UNGUARDED_AVAILABILITY = YES_AGGRESSIVE;
				CLANG_WARN_UNREACHABLE_CODE = YES;
				CLANG_WARN__DUPLICATE_METHOD_MATCH = YES;
				COPY_PHASE_STRIP = NO;
				DEBUG_INFORMATION_FORMAT = "dwarf-with-dsym";
				ENABLE_NS_ASSERTIONS = NO;
				ENABLE_STRICT_OBJC_MSGSEND = YES;
				ENABLE_USER_SCRIPT_SANDBOXING = YES;
				GCC_C_LANGUAGE_STANDARD = gnu17;
				GCC_NO_COMMON_BLOCKS = YES;
				GCC_WARN_64_TO_32_BIT_CONVERSION = YES;
				GCC_WARN_ABOUT_RETURN_TYPE = YES_ERROR;
				GCC_WARN_UNDECLARED_SELECTOR = YES;
				GCC_WARN_UNINITIALIZED_AUTOS = YES_AGGRESSIVE;
				GCC_WARN_UNUSED_FUNCTION = YES;
				GCC_WARN_UNUSED_VARIABLE = YES;
				IPHONEOS_DEPLOYMENT_TARGET = 18.0;
				LOCALIZATION_PREFERS_STRING_CATALOGS = YES;
				MTL_ENABLE_DEBUG_INFO = NO;
				MTL_FAST_MATH = YES;
				SDKROOT = iphoneos;
				SWIFT_COMPILATION_MODE = wholemodule;
				VALIDATE_PRODUCT = YES;
			};
			name = Release;
		};
		D1AEC59B2CA8A159000D59B3 /* Debug */ = {
			isa = XCBuildConfiguration;
			buildSettings = {
				ASSETCATALOG_COMPILER_APPICON_NAME = AppIcon;
				ASSETCATALOG_COMPILER_GLOBAL_ACCENT_COLOR_NAME = AccentColor;
				CODE_SIGN_STYLE = Automatic;
				CURRENT_PROJECT_VERSION = 1;
				DEVELOPMENT_ASSET_PATHS = "\"HomeServiceApp/Preview Content\"";
				DEVELOPMENT_TEAM = 5TJPWC3QB8;
				ENABLE_PREVIEWS = YES;
				GENERATE_INFOPLIST_FILE = YES;
				INFOPLIST_KEY_UIApplicationSceneManifest_Generation = YES;
				INFOPLIST_KEY_UIApplicationSupportsIndirectInputEvents = YES;
				INFOPLIST_KEY_UILaunchScreen_Generation = YES;
				INFOPLIST_KEY_UISupportedInterfaceOrientations_iPad = "UIInterfaceOrientationPortrait UIInterfaceOrientationPortraitUpsideDown UIInterfaceOrientationLandscapeLeft UIInterfaceOrientationLandscapeRight";
				INFOPLIST_KEY_UISupportedInterfaceOrientations_iPhone = "UIInterfaceOrientationPortrait UIInterfaceOrientationLandscapeLeft UIInterfaceOrientationLandscapeRight";
				LD_RUNPATH_SEARCH_PATHS = (
					"$(inherited)",
					"@executable_path/Frameworks",
				);
				MARKETING_VERSION = 1.0;
				PRODUCT_BUNDLE_IDENTIFIER = Angelov.Dimitar.HomeServiceApp;
				PRODUCT_NAME = "$(TARGET_NAME)";
				SWIFT_EMIT_LOC_STRINGS = YES;
				SWIFT_VERSION = 5.0;
				TARGETED_DEVICE_FAMILY = "1,2";
			};
			name = Debug;
		};
		D1AEC59C2CA8A159000D59B3 /* Release */ = {
			isa = XCBuildConfiguration;
			buildSettings = {
				ASSETCATALOG_COMPILER_APPICON_NAME = AppIcon;
				ASSETCATALOG_COMPILER_GLOBAL_ACCENT_COLOR_NAME = AccentColor;
				CODE_SIGN_STYLE = Automatic;
				CURRENT_PROJECT_VERSION = 1;
				DEVELOPMENT_ASSET_PATHS = "\"HomeServiceApp/Preview Content\"";
				DEVELOPMENT_TEAM = 5TJPWC3QB8;
				ENABLE_PREVIEWS = YES;
				GENERATE_INFOPLIST_FILE = YES;
				INFOPLIST_KEY_UIApplicationSceneManifest_Generation = YES;
				INFOPLIST_KEY_UIApplicationSupportsIndirectInputEvents = YES;
				INFOPLIST_KEY_UILaunchScreen_Generation = YES;
				INFOPLIST_KEY_UISupportedInterfaceOrientations_iPad = "UIInterfaceOrientationPortrait UIInterfaceOrientationPortraitUpsideDown UIInterfaceOrientationLandscapeLeft UIInterfaceOrientationLandscapeRight";
				INFOPLIST_KEY_UISupportedInterfaceOrientations_iPhone = "UIInterfaceOrientationPortrait UIInterfaceOrientationLandscapeLeft UIInterfaceOrientationLandscapeRight";
				LD_RUNPATH_SEARCH_PATHS = (
					"$(inherited)",
					"@executable_path/Frameworks",
				);
				MARKETING_VERSION = 1.0;
				PRODUCT_BUNDLE_IDENTIFIER = Angelov.Dimitar.HomeServiceApp;
				PRODUCT_NAME = "$(TARGET_NAME)";
				SWIFT_EMIT_LOC_STRINGS = YES;
				SWIFT_VERSION = 5.0;
				TARGETED_DEVICE_FAMILY = "1,2";
			};
			name = Release;
		};
		D1AEC59E2CA8A159000D59B3 /* Debug */ = {
			isa = XCBuildConfiguration;
			buildSettings = {
				BUNDLE_LOADER = "$(TEST_HOST)";
				CODE_SIGN_STYLE = Automatic;
				CURRENT_PROJECT_VERSION = 1;
				DEVELOPMENT_TEAM = 5TJPWC3QB8;
				GENERATE_INFOPLIST_FILE = YES;
				IPHONEOS_DEPLOYMENT_TARGET = 18.0;
				MARKETING_VERSION = 1.0;
				PRODUCT_BUNDLE_IDENTIFIER = Angelov.Dimitar.HomeServiceAppTests;
				PRODUCT_NAME = "$(TARGET_NAME)";
				SWIFT_EMIT_LOC_STRINGS = NO;
				SWIFT_VERSION = 5.0;
				TARGETED_DEVICE_FAMILY = "1,2";
				TEST_HOST = "$(BUILT_PRODUCTS_DIR)/HomeServiceApp.app/$(BUNDLE_EXECUTABLE_FOLDER_PATH)/HomeServiceApp";
			};
			name = Debug;
		};
		D1AEC59F2CA8A159000D59B3 /* Release */ = {
			isa = XCBuildConfiguration;
			buildSettings = {
				BUNDLE_LOADER = "$(TEST_HOST)";
				CODE_SIGN_STYLE = Automatic;
				CURRENT_PROJECT_VERSION = 1;
				DEVELOPMENT_TEAM = 5TJPWC3QB8;
				GENERATE_INFOPLIST_FILE = YES;
				IPHONEOS_DEPLOYMENT_TARGET = 18.0;
				MARKETING_VERSION = 1.0;
				PRODUCT_BUNDLE_IDENTIFIER = Angelov.Dimitar.HomeServiceAppTests;
				PRODUCT_NAME = "$(TARGET_NAME)";
				SWIFT_EMIT_LOC_STRINGS = NO;
				SWIFT_VERSION = 5.0;
				TARGETED_DEVICE_FAMILY = "1,2";
				TEST_HOST = "$(BUILT_PRODUCTS_DIR)/HomeServiceApp.app/$(BUNDLE_EXECUTABLE_FOLDER_PATH)/HomeServiceApp";
			};
			name = Release;
		};
		D1AEC5A12CA8A159000D59B3 /* Debug */ = {
			isa = XCBuildConfiguration;
			buildSettings = {
				CODE_SIGN_STYLE = Automatic;
				CURRENT_PROJECT_VERSION = 1;
				DEVELOPMENT_TEAM = 5TJPWC3QB8;
				GENERATE_INFOPLIST_FILE = YES;
				MARKETING_VERSION = 1.0;
				PRODUCT_BUNDLE_IDENTIFIER = Angelov.Dimitar.HomeServiceAppUITests;
				PRODUCT_NAME = "$(TARGET_NAME)";
				SWIFT_EMIT_LOC_STRINGS = NO;
				SWIFT_VERSION = 5.0;
				TARGETED_DEVICE_FAMILY = "1,2";
				TEST_TARGET_NAME = HomeServiceApp;
			};
			name = Debug;
		};
		D1AEC5A22CA8A159000D59B3 /* Release */ = {
			isa = XCBuildConfiguration;
			buildSettings = {
				CODE_SIGN_STYLE = Automatic;
				CURRENT_PROJECT_VERSION = 1;
				DEVELOPMENT_TEAM = 5TJPWC3QB8;
				GENERATE_INFOPLIST_FILE = YES;
				MARKETING_VERSION = 1.0;
				PRODUCT_BUNDLE_IDENTIFIER = Angelov.Dimitar.HomeServiceAppUITests;
				PRODUCT_NAME = "$(TARGET_NAME)";
				SWIFT_EMIT_LOC_STRINGS = NO;
				SWIFT_VERSION = 5.0;
				TARGETED_DEVICE_FAMILY = "1,2";
				TEST_TARGET_NAME = HomeServiceApp;
			};
			name = Release;
		};
/* End XCBuildConfiguration section */

/* Begin XCConfigurationList section */
		D1AEC5712CA8A158000D59B3 /* Build configuration list for PBXProject "HomeServiceApp" */ = {
			isa = XCConfigurationList;
			buildConfigurations = (
				D1AEC5982CA8A159000D59B3 /* Debug */,
				D1AEC5992CA8A159000D59B3 /* Release */,
			);
			defaultConfigurationIsVisible = 0;
			defaultConfigurationName = Release;
		};
		D1AEC59A2CA8A159000D59B3 /* Build configuration list for PBXNativeTarget "HomeServiceApp" */ = {
			isa = XCConfigurationList;
			buildConfigurations = (
				D1AEC59B2CA8A159000D59B3 /* Debug */,
				D1AEC59C2CA8A159000D59B3 /* Release */,
			);
			defaultConfigurationIsVisible = 0;
			defaultConfigurationName = Release;
		};
		D1AEC59D2CA8A159000D59B3 /* Build configuration list for PBXNativeTarget "HomeServiceAppTests" */ = {
			isa = XCConfigurationList;
			buildConfigurations = (
				D1AEC59E2CA8A159000D59B3 /* Debug */,
				D1AEC59F2CA8A159000D59B3 /* Release */,
			);
			defaultConfigurationIsVisible = 0;
			defaultConfigurationName = Release;
		};
		D1AEC5A02CA8A159000D59B3 /* Build configuration list for PBXNativeTarget "HomeServiceAppUITests" */ = {
			isa = XCConfigurationList;
			buildConfigurations = (
				D1AEC5A12CA8A159000D59B3 /* Debug */,
				D1AEC5A22CA8A159000D59B3 /* Release */,
			);
			defaultConfigurationIsVisible = 0;
			defaultConfigurationName = Release;
		};
/* End XCConfigurationList section */
	};
	rootObject = D1AEC56E2CA8A158000D59B3 /* Project object */;
}
